
Microsoft Visual Studio Solution File, Format Version 12.00
# Visual Studio Version 17
VisualStudioVersion = 17.0.31903.59
MinimumVisualStudioVersion = 10.0.40219.1
Project("{2150E333-8FDC-42A3-9474-1A3956D46DE8}") = "Physics", "Physics", "{EA9AEB05-3D87-771A-AF2A-A98D96164E85}"
EndProject
Project("{FAE04EC0-301F-11D3-BF4B-00C04F79EFBC}") = "BilliardsGame.Physics", "Physics\BilliardsGame.Physics.csproj", "{1A38470F-4049-43A4-A52E-DD8DDD7BDED3}"
EndProject
Project("{FAE04EC0-301F-11D3-BF4B-00C04F79EFBC}") = "BilliardsGame.Physics.Tests", "tests\BilliardsGame.Physics.Tests\BilliardsGame.Physics.Tests.csproj", "{C9B82501-044D-412A-B4B6-8DE6AF488B8E}"
EndProject
Project("{2150E333-8FDC-42A3-9474-1A3956D46DE8}") = "Interfaces", "Interfaces", "{F950DB2C-3B87-4536-55E6-8585CBA5CF21}"
EndProject
Project("{FAE04EC0-301F-11D3-BF4B-00C04F79EFBC}") = "BilliardsGame.Interfaces", "Interfaces\BilliardsGame.Interfaces.csproj", "{10B13312-E14C-40EF-82B1-385B9D7FBFBD}"
EndProject
Project("{2150E333-8FDC-42A3-9474-1A3956D46DE8}") = "Core", "Core", "{FBF56CC3-7AE6-AD2D-3F14-7F97FD322CD6}"
EndProject
Project("{FAE04EC0-301F-11D3-BF4B-00C04F79EFBC}") = "BilliardsGame.Core", "Core\BilliardsGame.Core.csproj", "{27CDAC8C-3B6B-4701-8DC4-815EC97C6647}"
EndProject
Project("{2150E333-8FDC-42A3-9474-1A3956D46DE8}") = "tests", "tests", "{0AB3BF05-4346-4AA6-1389-037BE0695223}"
EndProject
Project("{FAE04EC0-301F-11D3-BF4B-00C04F79EFBC}") = "BilliardsGame.Core.Tests", "tests\BilliardsGame.Core.Tests\BilliardsGame.Core.Tests.csproj", "{DFAF04CE-61D7-4731-972E-138FAA2A96A5}"
EndProject
Global
	GlobalSection(SolutionConfigurationPlatforms) = preSolution
		Debug|Any CPU = Debug|Any CPU
		Debug|x64 = Debug|x64
		Debug|x86 = Debug|x86
		Release|Any CPU = Release|Any CPU
		Release|x64 = Release|x64
		Release|x86 = Release|x86
	EndGlobalSection
	GlobalSection(ProjectConfigurationPlatforms) = postSolution
		{1A38470F-4049-43A4-A52E-DD8DDD7BDED3}.Debug|Any CPU.ActiveCfg = Debug|Any CPU
		{1A38470F-4049-43A4-A52E-DD8DDD7BDED3}.Debug|Any CPU.Build.0 = Debug|Any CPU
		{1A38470F-4049-43A4-A52E-DD8DDD7BDED3}.Debug|x64.ActiveCfg = Debug|Any CPU
		{1A38470F-4049-43A4-A52E-DD8DDD7BDED3}.Debug|x64.Build.0 = Debug|Any CPU
		{1A38470F-4049-43A4-A52E-DD8DDD7BDED3}.Debug|x86.ActiveCfg = Debug|Any CPU
		{1A38470F-4049-43A4-A52E-DD8DDD7BDED3}.Debug|x86.Build.0 = Debug|Any CPU
		{1A38470F-4049-43A4-A52E-DD8DDD7BDED3}.Release|Any CPU.ActiveCfg = Release|Any CPU
		{1A38470F-4049-43A4-A52E-DD8DDD7BDED3}.Release|Any CPU.Build.0 = Release|Any CPU
		{1A38470F-4049-43A4-A52E-DD8DDD7BDED3}.Release|x64.ActiveCfg = Release|Any CPU
		{1A38470F-4049-43A4-A52E-DD8DDD7BDED3}.Release|x64.Build.0 = Release|Any CPU
		{1A38470F-4049-43A4-A52E-DD8DDD7BDED3}.Release|x86.ActiveCfg = Release|Any CPU
		{1A38470F-4049-43A4-A52E-DD8DDD7BDED3}.Release|x86.Build.0 = Release|Any CPU
		{C9B82501-044D-412A-B4B6-8DE6AF488B8E}.Debug|Any CPU.ActiveCfg = Debug|Any CPU
		{C9B82501-044D-412A-B4B6-8DE6AF488B8E}.Debug|Any CPU.Build.0 = Debug|Any CPU
		{C9B82501-044D-412A-B4B6-8DE6AF488B8E}.Debug|x64.ActiveCfg = Debug|Any CPU
		{C9B82501-044D-412A-B4B6-8DE6AF488B8E}.Debug|x64.Build.0 = Debug|Any CPU
		{C9B82501-044D-412A-B4B6-8DE6AF488B8E}.Debug|x86.ActiveCfg = Debug|Any CPU
		{C9B82501-044D-412A-B4B6-8DE6AF488B8E}.Debug|x86.Build.0 = Debug|Any CPU
		{C9B82501-044D-412A-B4B6-8DE6AF488B8E}.Release|Any CPU.ActiveCfg = Release|Any CPU
		{C9B82501-044D-412A-B4B6-8DE6AF488B8E}.Release|Any CPU.Build.0 = Release|Any CPU
		{C9B82501-044D-412A-B4B6-8DE6AF488B8E}.Release|x64.ActiveCfg = Release|Any CPU
		{C9B82501-044D-412A-B4B6-8DE6AF488B8E}.Release|x64.Build.0 = Release|Any CPU
		{C9B82501-044D-412A-B4B6-8DE6AF488B8E}.Release|x86.ActiveCfg = Release|Any CPU
		{C9B82501-044D-412A-B4B6-8DE6AF488B8E}.Release|x86.Build.0 = Release|Any CPU
		{10B13312-E14C-40EF-82B1-385B9D7FBFBD}.Debug|Any CPU.ActiveCfg = Debug|Any CPU
		{10B13312-E14C-40EF-82B1-385B9D7FBFBD}.Debug|Any CPU.Build.0 = Debug|Any CPU
		{10B13312-E14C-40EF-82B1-385B9D7FBFBD}.Debug|x64.ActiveCfg = Debug|Any CPU
		{10B13312-E14C-40EF-82B1-385B9D7FBFBD}.Debug|x64.Build.0 = Debug|Any CPU
		{10B13312-E14C-40EF-82B1-385B9D7FBFBD}.Debug|x86.ActiveCfg = Debug|Any CPU
		{10B13312-E14C-40EF-82B1-385B9D7FBFBD}.Debug|x86.Build.0 = Debug|Any CPU
		{10B13312-E14C-40EF-82B1-385B9D7FBFBD}.Release|Any CPU.ActiveCfg = Release|Any CPU
		{10B13312-E14C-40EF-82B1-385B9D7FBFBD}.Release|Any CPU.Build.0 = Release|Any CPU
		{10B13312-E14C-40EF-82B1-385B9D7FBFBD}.Release|x64.ActiveCfg = Release|Any CPU
		{10B13312-E14C-40EF-82B1-385B9D7FBFBD}.Release|x64.Build.0 = Release|Any CPU
		{10B13312-E14C-40EF-82B1-385B9D7FBFBD}.Release|x86.ActiveCfg = Release|Any CPU
		{10B13312-E14C-40EF-82B1-385B9D7FBFBD}.Release|x86.Build.0 = Release|Any CPU
		{27CDAC8C-3B6B-4701-8DC4-815EC97C6647}.Debug|Any CPU.ActiveCfg = Debug|Any CPU
		{27CDAC8C-3B6B-4701-8DC4-815EC97C6647}.Debug|Any CPU.Build.0 = Debug|Any CPU
		{27CDAC8C-3B6B-4701-8DC4-815EC97C6647}.Debug|x64.ActiveCfg = Debug|Any CPU
		{27CDAC8C-3B6B-4701-8DC4-815EC97C6647}.Debug|x64.Build.0 = Debug|Any CPU
		{27CDAC8C-3B6B-4701-8DC4-815EC97C6647}.Debug|x86.ActiveCfg = Debug|Any CPU
		{27CDAC8C-3B6B-4701-8DC4-815EC97C6647}.Debug|x86.Build.0 = Debug|Any CPU
		{27CDAC8C-3B6B-4701-8DC4-815EC97C6647}.Release|Any CPU.ActiveCfg = Release|Any CPU
		{27CDAC8C-3B6B-4701-8DC4-815EC97C6647}.Release|Any CPU.Build.0 = Release|Any CPU
		{27CDAC8C-3B6B-4701-8DC4-815EC97C6647}.Release|x64.ActiveCfg = Release|Any CPU
		{27CDAC8C-3B6B-4701-8DC4-815EC97C6647}.Release|x64.Build.0 = Release|Any CPU
		{27CDAC8C-3B6B-4701-8DC4-815EC97C6647}.Release|x86.ActiveCfg = Release|Any CPU
		{27CDAC8C-3B6B-4701-8DC4-815EC97C6647}.Release|x86.Build.0 = Release|Any CPU
		{DFAF04CE-61D7-4731-972E-138FAA2A96A5}.Debug|Any CPU.ActiveCfg = Debug|Any CPU
		{DFAF04CE-61D7-4731-972E-138FAA2A96A5}.Debug|Any CPU.Build.0 = Debug|Any CPU
		{DFAF04CE-61D7-4731-972E-138FAA2A96A5}.Debug|x64.ActiveCfg = Debug|Any CPU
		{DFAF04CE-61D7-4731-972E-138FAA2A96A5}.Debug|x64.Build.0 = Debug|Any CPU
		{DFAF04CE-61D7-4731-972E-138FAA2A96A5}.Debug|x86.ActiveCfg = Debug|Any CPU
		{DFAF04CE-61D7-4731-972E-138FAA2A96A5}.Debug|x86.Build.0 = Debug|Any CPU
		{DFAF04CE-61D7-4731-972E-138FAA2A96A5}.Release|Any CPU.ActiveCfg = Release|Any CPU
		{DFAF04CE-61D7-4731-972E-138FAA2A96A5}.Release|Any CPU.Build.0 = Release|Any CPU
		{DFAF04CE-61D7-4731-972E-138FAA2A96A5}.Release|x64.ActiveCfg = Release|Any CPU
		{DFAF04CE-61D7-4731-972E-138FAA2A96A5}.Release|x64.Build.0 = Release|Any CPU
		{DFAF04CE-61D7-4731-972E-138FAA2A96A5}.Release|x86.ActiveCfg = Release|Any CPU
		{DFAF04CE-61D7-4731-972E-138FAA2A96A5}.Release|x86.Build.0 = Release|Any CPU
	EndGlobalSection
	GlobalSection(SolutionProperties) = preSolution
		HideSolutionNode = FALSE
	EndGlobalSection
	GlobalSection(NestedProjects) = preSolution
		{1A38470F-4049-43A4-A52E-DD8DDD7BDED3} = {EA9AEB05-3D87-771A-AF2A-A98D96164E85}
		{C9B82501-044D-412A-B4B6-8DE6AF488B8E} = {EA9AEB05-3D87-771A-AF2A-A98D96164E85}
		{10B13312-E14C-40EF-82B1-385B9D7FBFBD} = {F950DB2C-3B87-4536-55E6-8585CBA5CF21}
		{27CDAC8C-3B6B-4701-8DC4-815EC97C6647} = {FBF56CC3-7AE6-AD2D-3F14-7F97FD322CD6}
		{DFAF04CE-61D7-4731-972E-138FAA2A96A5} = {0AB3BF05-4346-4AA6-1389-037BE0695223}
	EndGlobalSection
EndGlobal
